
Microsoft Visual Studio Solution File, Format Version 12.00
# Visual Studio Version 17
VisualStudioVersion = 17.1.32421.90
MinimumVisualStudioVersion = 10.0.40219.1
Project("{9A19103F-16F7-4668-BE54-9A1E7A4F7556}") = "BlazeRPC", "BlazeRPC.csproj", "{B3F48D2A-DF29-469C-B71C-B15598C7ACEA}"
EndProject
Global
	GlobalSection(SolutionConfigurationPlatforms) = preSolution
		Debug|Any CPU = Debug|Any CPU
		Release|Any CPU = Release|Any CPU
	EndGlobalSection
	GlobalSection(ProjectConfigurationPlatforms) = postSolution
		{B3F48D2A-DF29-469C-B71C-B15598C7ACEA}.Debug|Any CPU.ActiveCfg = Debug|Any CPU
		{B3F48D2A-DF29-469C-B71C-B15598C7ACEA}.Debug|Any CPU.Build.0 = Debug|Any CPU
		{B3F48D2A-DF29-469C-B71C-B15598C7ACEA}.Release|Any CPU.ActiveCfg = Release|Any CPU
		{B3F48D2A-DF29-469C-B71C-B15598C7ACEA}.Release|Any CPU.Build.0 = Release|Any CPU
	EndGlobalSection
	GlobalSection(SolutionProperties) = preSolution
		HideSolutionNode = FALSE
	EndGlobalSection
	GlobalSection(ExtensibilityGlobals) = postSolution
		SolutionGuid = {012ACD8E-E26D-4A42-A868-357AC55EEDBF}
	EndGlobalSection
EndGlobal
